<?xml version="1.0" encoding="utf-8"?>
<Project ToolsVersion="4.0" xmlns="http://schemas.microsoft.com/developer/msbuild/2003">
  <ItemGroup>
    <Filter Include="Source Files">
      <UniqueIdentifier>{4FC737F1-C7A5-4376-A066-2A32D752A2FF}</UniqueIdentifier>
      <Extensions>cpp;c;cc;cxx;def;odl;idl;hpj;bat;asm;asmx</Extensions>
    </Filter>
    <Filter Include="Header Files">
      <UniqueIdentifier>{93995380-89BD-4b04-88EB-625FBE52EBFB}</UniqueIdentifier>
      <Extensions>h;hh;hpp;hxx;hm;inl;inc;ipp;xsd</Extensions>
    </Filter>
    <Filter Include="Resource Files">
      <UniqueIdentifier>{67DA6AB6-F800-4c08-8B7A-83BB121AAD01}</UniqueIdentifier>
      <Extensions>rc;ico;cur;bmp;dlg;rc2;rct;bin;rgs;gif;jpg;jpeg;jpe;resx;tiff;tif;png;wav;mfcribbon-ms</Extensions>
    </Filter>
  </ItemGroup>
  <ItemGroup>
    <ClCompile Include="src\Main.cpp">
      <Filter>Source Files</Filter>
    </ClCompile>
    <ClCompile Include="src\Cardgame.cpp">
      <Filter>Source Files</Filter>
    </ClCompile>
    <ClCompile Include="src\Grid.cpp">
      <Filter>Source Files</Filter>
    </ClCompile>
    <ClCompile Include="src\Space.cpp">
      <Filter>Source Files</Filter>
    </ClCompile>
    <ClCompile Include="src\Strategy\DuckExample\Duck\MallardDuck.cpp">
      <Filter>Source Files</Filter>
    </ClCompile>
    <ClCompile Include="src\Strategy\DuckExample\Duck\RedHeadDuck.cpp">
      <Filter>Source Files</Filter>
    </ClCompile>
    <ClCompile Include="src\Strategy\DuckExample\Duck\DecoyDuck.cpp">
      <Filter>Source Files</Filter>
    </ClCompile>
    <ClCompile Include="src\Strategy\DuckExample\Duck\RubberDuck.cpp">
      <Filter>Source Files</Filter>
    </ClCompile>
    <ClCompile Include="src\Strategy\TextGameExample\TextGame.cpp">
      <Filter>Source Files</Filter>
    </ClCompile>
    <ClCompile Include="src\Strategy\TextGameExample\Room\Room.cpp">
      <Filter>Source Files</Filter>
    </ClCompile>
    <ClCompile Include="src\Strategy\TextGameExample\Treasure\Treasure.cpp">
      <Filter>Source Files</Filter>
    </ClCompile>
    <ClCompile Include="src\Strategy\TextGameExample\Hunter\Loot.cpp">
      <Filter>Source Files</Filter>
    </ClCompile>
    <ClCompile Include="src\Strategy\TextGameExample\Treasure\Item.cpp">
      <Filter>Source Files</Filter>
    </ClCompile>
    <ClCompile Include="src\Strategy\TextGameExample\Hunter\Hunter.cpp">
      <Filter>Source Files</Filter>
    </ClCompile>
    <ClCompile Include="src\Strategy\TextGameExample\Managers\InputManager.cpp">
      <Filter>Source Files</Filter>
    </ClCompile>
    <ClCompile Include="src\Strategy\TextGameExample\Managers\DungeonMaster.cpp">
      <Filter>Source Files</Filter>
    </ClCompile>
    <ClCompile Include="src\Strategy\TextGameExample\Treasure\TreasureFactory.cpp">
      <Filter>Source Files</Filter>
    </ClCompile>
    <ClCompile Include="src\Strategy\TextGameExample\Treasure\ItemFactory.cpp">
      <Filter>Source Files</Filter>
    </ClCompile>
  </ItemGroup>
  <ItemGroup>
    <ClInclude Include="src\Cardgame.h">
      <Filter>Header Files</Filter>
    </ClInclude>
    <ClInclude Include="src\Grid.h">
      <Filter>Header Files</Filter>
    </ClInclude>
    <ClInclude Include="src\Space.h">
      <Filter>Header Files</Filter>
    </ClInclude>
    <ClInclude Include="src\Strategy\DuckExample\Fly\FlyNoWay.h">
      <Filter>Header Files</Filter>
    </ClInclude>
    <ClInclude Include="src\Strategy\DuckExample\Fly\FlyWithWings.h">
      <Filter>Header Files</Filter>
    </ClInclude>
    <ClInclude Include="src\Strategy\DuckExample\Quack\Quack.h">
      <Filter>Header Files</Filter>
    </ClInclude>
    <ClInclude Include="src\Strategy\DuckExample\Quack\QuackBehavior.h">
      <Filter>Header Files</Filter>
    </ClInclude>
    <ClInclude Include="src\Strategy\DuckExample\Quack\Squeak.h">
      <Filter>Header Files</Filter>
    </ClInclude>
    <ClInclude Include="src\Strategy\DuckExample\Quack\MuteQuack.h">
      <Filter>Header Files</Filter>
    </ClInclude>
    <ClInclude Include="src\Strategy\DuckExample\Fly\FlyBehavior.h">
      <Filter>Header Files</Filter>
    </ClInclude>
    <ClInclude Include="src\Strategy\DuckExample\Duck\Duck.h">
      <Filter>Header Files</Filter>
    </ClInclude>
    <ClInclude Include="src\Strategy\DuckExample\Duck\MallardDuck.h">
      <Filter>Header Files</Filter>
    </ClInclude>
    <ClInclude Include="src\Strategy\DuckExample\Duck\RedHeadDuck.h">
      <Filter>Header Files</Filter>
    </ClInclude>
    <ClInclude Include="src\Strategy\DuckExample\Duck\DecoyDuck.h">
      <Filter>Header Files</Filter>
    </ClInclude>
    <ClInclude Include="src\Strategy\DuckExample\Duck\RubberDuck.h">
      <Filter>Header Files</Filter>
    </ClInclude>
    <ClInclude Include="src\Strategy\TextGameExample\TextGame.h">
      <Filter>Header Files</Filter>
    </ClInclude>
    <ClInclude Include="src\Strategy\TextGameExample\Monster\Monster.h">
      <Filter>Header Files</Filter>
    </ClInclude>
    <ClInclude Include="src\Strategy\TextGameExample\Treasure\Treasure.h">
      <Filter>Header Files</Filter>
    </ClInclude>
    <ClInclude Include="src\Strategy\TextGameExample\Hunter\Hunter.h">
      <Filter>Header Files</Filter>
    </ClInclude>
    <ClInclude Include="src\Strategy\TextGameExample\Treasure\Item.h">
      <Filter>Header Files</Filter>
    </ClInclude>
    <ClInclude Include="src\Strategy\TextGameExample\Room\Room.h">
      <Filter>Header Files</Filter>
    </ClInclude>
    <ClInclude Include="src\Strategy\TextGameExample\Hunter\Loot.h">
      <Filter>Header Files</Filter>
    </ClInclude>
    <ClInclude Include="src\Strategy\TextGameExample\Managers\InputManager.h">
      <Filter>Header Files</Filter>
    </ClInclude>
    <ClInclude Include="src\Strategy\TextGameExample\Managers\DungeonMaster.h">
      <Filter>Header Files</Filter>
    </ClInclude>
    <ClInclude Include="src\Strategy\TextGameExample\Treasure\TreasureFactory.h">
      <Filter>Header Files</Filter>
    </ClInclude>
    <ClInclude Include="src\Strategy\TextGameExample\Treasure\ItemFactory.h">
      <Filter>Header Files</Filter>
    </ClInclude>
  </ItemGroup>
</Project>